// !$*UTF8*$!
{
	archiveVersion = 1;
	classes = {
	};
	objectVersion = 56;
	objects = {

/* Begin PBXBuildFile section */
		DE0269EA2A0C4FF40022A9EA /* PersistRatesServiceProtocol.swift in Sources */ = {isa = PBXBuildFile; fileRef = DE0269E92A0C4FF40022A9EA /* PersistRatesServiceProtocol.swift */; };
		DE0269EC2A0C500D0022A9EA /* PersistenceController++PersistRatesServiceProtocol.swift in Sources */ = {isa = PBXBuildFile; fileRef = DE0269EB2A0C500D0022A9EA /* PersistenceController++PersistRatesServiceProtocol.swift */; };
		DE3920832A0AC9960087BA6E /* HeadingTitleView.swift in Sources */ = {isa = PBXBuildFile; fileRef = DE3920822A0AC9960087BA6E /* HeadingTitleView.swift */; };
		DE421C342A0BB38D000A89B6 /* LoadRatesUseCase.swift in Sources */ = {isa = PBXBuildFile; fileRef = DE421C332A0BB38D000A89B6 /* LoadRatesUseCase.swift */; };
		DE421C372A0BB56E000A89B6 /* FetchRatesServiceProtocol.swift in Sources */ = {isa = PBXBuildFile; fileRef = DE421C362A0BB56E000A89B6 /* FetchRatesServiceProtocol.swift */; };
		DE421C392A0BB5AF000A89B6 /* NetworkServices++FetchRatesServiceProtocol.swift in Sources */ = {isa = PBXBuildFile; fileRef = DE421C382A0BB5AF000A89B6 /* NetworkServices++FetchRatesServiceProtocol.swift */; };
		DE421C3C2A0BBC28000A89B6 /* RateCDEntity+CoreDataClass.swift in Sources */ = {isa = PBXBuildFile; fileRef = DE421C3A2A0BBC28000A89B6 /* RateCDEntity+CoreDataClass.swift */; };
		DE421C3D2A0BBC28000A89B6 /* RateCDEntity+CoreDataProperties.swift in Sources */ = {isa = PBXBuildFile; fileRef = DE421C3B2A0BBC28000A89B6 /* RateCDEntity+CoreDataProperties.swift */; };
		DE421C422A0BBD7E000A89B6 /* FullRateInformationEntity.swift in Sources */ = {isa = PBXBuildFile; fileRef = DE421C412A0BBD7E000A89B6 /* FullRateInformationEntity.swift */; };
		DE4A55B12A0A3FB60071F7BC /* Lokomond_Code_ChallangeApp.swift in Sources */ = {isa = PBXBuildFile; fileRef = DE4A55B02A0A3FB60071F7BC /* Lokomond_Code_ChallangeApp.swift */; };
		DE4A55B52A0A3FB70071F7BC /* Assets.xcassets in Resources */ = {isa = PBXBuildFile; fileRef = DE4A55B42A0A3FB70071F7BC /* Assets.xcassets */; };
		DE4A55B92A0A3FB70071F7BC /* Preview Assets.xcassets in Resources */ = {isa = PBXBuildFile; fileRef = DE4A55B82A0A3FB70071F7BC /* Preview Assets.xcassets */; };
		DE4A55C22A0A41B40071F7BC /* Fonts.swift in Sources */ = {isa = PBXBuildFile; fileRef = DE4A55C12A0A41B40071F7BC /* Fonts.swift */; };
		DE4A55C52A0A42EB0071F7BC /* Images.swift in Sources */ = {isa = PBXBuildFile; fileRef = DE4A55C42A0A42EB0071F7BC /* Images.swift */; };
		DE4A55D32A0A442E0071F7BC /* Satoshi-Bold.otf in Resources */ = {isa = PBXBuildFile; fileRef = DE4A55C92A0A442D0071F7BC /* Satoshi-Bold.otf */; };
		DE4A55D62A0A442E0071F7BC /* Satoshi-Medium.otf in Resources */ = {isa = PBXBuildFile; fileRef = DE4A55CC2A0A442D0071F7BC /* Satoshi-Medium.otf */; };
		DE4A55D72A0A442E0071F7BC /* Satoshi-Regular.otf in Resources */ = {isa = PBXBuildFile; fileRef = DE4A55CD2A0A442D0071F7BC /* Satoshi-Regular.otf */; };
		DE4A55EC2A0A4C8A0071F7BC /* StatusCode.swift in Sources */ = {isa = PBXBuildFile; fileRef = DE4A55E32A0A4C8A0071F7BC /* StatusCode.swift */; };
		DE4A55ED2A0A4C8A0071F7BC /* GateWays.swift in Sources */ = {isa = PBXBuildFile; fileRef = DE4A55E42A0A4C8A0071F7BC /* GateWays.swift */; };
		DE4A55EE2A0A4C8A0071F7BC /* URLSession++APITask.swift in Sources */ = {isa = PBXBuildFile; fileRef = DE4A55E52A0A4C8A0071F7BC /* URLSession++APITask.swift */; };
		DE4A55EF2A0A4C8A0071F7BC /* HTTPMethod.swift in Sources */ = {isa = PBXBuildFile; fileRef = DE4A55E62A0A4C8A0071F7BC /* HTTPMethod.swift */; };
		DE4A55F02A0A4C8A0071F7BC /* API.swift in Sources */ = {isa = PBXBuildFile; fileRef = DE4A55E72A0A4C8A0071F7BC /* API.swift */; };
		DE4A55F12A0A4C8A0071F7BC /* NetworkError.swift in Sources */ = {isa = PBXBuildFile; fileRef = DE4A55E82A0A4C8A0071F7BC /* NetworkError.swift */; };
		DE4A55F22A0A4C8A0071F7BC /* NetworkServices.swift in Sources */ = {isa = PBXBuildFile; fileRef = DE4A55E92A0A4C8A0071F7BC /* NetworkServices.swift */; };
		DE4A55FA2A0A4D440071F7BC /* PageLoadState.swift in Sources */ = {isa = PBXBuildFile; fileRef = DE4A55F72A0A4D440071F7BC /* PageLoadState.swift */; };
		DE4A55FB2A0A4D440071F7BC /* ErrorView.swift in Sources */ = {isa = PBXBuildFile; fileRef = DE4A55F82A0A4D440071F7BC /* ErrorView.swift */; };
		DE4A55FC2A0A4D440071F7BC /* AppProgressView.swift in Sources */ = {isa = PBXBuildFile; fileRef = DE4A55F92A0A4D440071F7BC /* AppProgressView.swift */; };
		DE4A55FF2A0A4D930071F7BC /* Dependencies in Frameworks */ = {isa = PBXBuildFile; productRef = DE4A55FE2A0A4D930071F7BC /* Dependencies */; };
		DE4A56262A0A59130071F7BC /* RateEntity.swift in Sources */ = {isa = PBXBuildFile; fileRef = DE4A56252A0A59130071F7BC /* RateEntity.swift */; };
		DE4A56422A0A5A8F0071F7BC /* Persistence.swift in Sources */ = {isa = PBXBuildFile; fileRef = DE4A56292A0A5A8F0071F7BC /* Persistence.swift */; };
		DE4A565B2A0A5F8B0071F7BC /* FetchResultController.swift in Sources */ = {isa = PBXBuildFile; fileRef = DE4A565A2A0A5F8B0071F7BC /* FetchResultController.swift */; };
		DE4A565E2A0A5FC70071F7BC /* lokomond.xcdatamodeld in Sources */ = {isa = PBXBuildFile; fileRef = DE4A565C2A0A5FC70071F7BC /* lokomond.xcdatamodeld */; };
		DE63C9592A0D04A0003A18CD /* PersistenceController++FetchRatesServiceProtocol.swift in Sources */ = {isa = PBXBuildFile; fileRef = DE63C9582A0D04A0003A18CD /* PersistenceController++FetchRatesServiceProtocol.swift */; };
		DE63C95B2A0D0706003A18CD /* ObserveRatesUseCase.swift in Sources */ = {isa = PBXBuildFile; fileRef = DE63C95A2A0D0706003A18CD /* ObserveRatesUseCase.swift */; };
		DE63C95D2A0D082D003A18CD /* ObserveRatesServiceProtocol.swift in Sources */ = {isa = PBXBuildFile; fileRef = DE63C95C2A0D082D003A18CD /* ObserveRatesServiceProtocol.swift */; };
		DE63C95F2A0D08AA003A18CD /* FetchResultController++ObserveRatesServiceProtocol.swift in Sources */ = {isa = PBXBuildFile; fileRef = DE63C95E2A0D08AA003A18CD /* FetchResultController++ObserveRatesServiceProtocol.swift */; };
		DE7EA19C2A0D32DB0089E6AE /* Lokomond_Code_ChallangeTests.swift in Sources */ = {isa = PBXBuildFile; fileRef = DE7EA19B2A0D32DB0089E6AE /* Lokomond_Code_ChallangeTests.swift */; };
		DE7EA1A42A0D33120089E6AE /* ObserveRatesServiceProtocolStubs.swift in Sources */ = {isa = PBXBuildFile; fileRef = DE7EA1A32A0D33120089E6AE /* ObserveRatesServiceProtocolStubs.swift */; };
		DE7EA1A62A0D34310089E6AE /* FetchRatesServiceProtocolStub.swift in Sources */ = {isa = PBXBuildFile; fileRef = DE7EA1A52A0D34310089E6AE /* FetchRatesServiceProtocolStub.swift */; };
		DE7EA1A82A0D34790089E6AE /* PersistRatesServiceProtocolStub.swift in Sources */ = {isa = PBXBuildFile; fileRef = DE7EA1A72A0D34790089E6AE /* PersistRatesServiceProtocolStub.swift */; };
		DE7EA1AC2A0D34F60089E6AE /* MockActions.swift in Sources */ = {isa = PBXBuildFile; fileRef = DE7EA1AB2A0D34F60089E6AE /* MockActions.swift */; };
		DE7EA1AE2A0D35060089E6AE /* Mock.swift in Sources */ = {isa = PBXBuildFile; fileRef = DE7EA1AD2A0D35060089E6AE /* Mock.swift */; };
		DE7EA1B12A0D361E0089E6AE /* ObserveRatesUseCaseTests.swift in Sources */ = {isa = PBXBuildFile; fileRef = DE7EA1B02A0D361E0089E6AE /* ObserveRatesUseCaseTests.swift */; };
		DE7EA1B42A0D37D20089E6AE /* FullRateInformationEntityJSON.json in Resources */ = {isa = PBXBuildFile; fileRef = DE7EA1B32A0D37D20089E6AE /* FullRateInformationEntityJSON.json */; };
		DE7EA1B62A0D38200089E6AE /* JSONLoader.swift in Sources */ = {isa = PBXBuildFile; fileRef = DE7EA1B52A0D38200089E6AE /* JSONLoader.swift */; };
		DE7EA1BC2A0D3CAF0089E6AE /* CombineExpectations in Frameworks */ = {isa = PBXBuildFile; productRef = DE7EA1BB2A0D3CAF0089E6AE /* CombineExpectations */; };
		DE7EA1C02A0D3F340089E6AE /* LoadRatesUseCaseTests.swift in Sources */ = {isa = PBXBuildFile; fileRef = DE7EA1BF2A0D3F340089E6AE /* LoadRatesUseCaseTests.swift */; };
		DE7EA1C22A0D401C0089E6AE /* RateEntityJSON.json in Resources */ = {isa = PBXBuildFile; fileRef = DE7EA1C12A0D401C0089E6AE /* RateEntityJSON.json */; };
		DE7EA1C42A0D43900089E6AE /* Waiter.swift in Sources */ = {isa = PBXBuildFile; fileRef = DE7EA1C32A0D43900089E6AE /* Waiter.swift */; };
		DEEC397B2A0ABF0A00D36AB1 /* CurrencyRowView.swift in Sources */ = {isa = PBXBuildFile; fileRef = DEEC397A2A0ABF0A00D36AB1 /* CurrencyRowView.swift */; };
		DEEC397D2A0ABF4900D36AB1 /* ColorAssets.xcassets in Resources */ = {isa = PBXBuildFile; fileRef = DEEC397C2A0ABF4900D36AB1 /* ColorAssets.xcassets */; };
		DEEC397F2A0AC01600D36AB1 /* Colors.swift in Sources */ = {isa = PBXBuildFile; fileRef = DEEC397E2A0AC01600D36AB1 /* Colors.swift */; };
		DEEC39812A0AC3D900D36AB1 /* RoundedRectangleModifier.swift in Sources */ = {isa = PBXBuildFile; fileRef = DEEC39802A0AC3D900D36AB1 /* RoundedRectangleModifier.swift */; };
		DEEC39832A0AC42400D36AB1 /* RoundedBorderedModifier.swift in Sources */ = {isa = PBXBuildFile; fileRef = DEEC39822A0AC42400D36AB1 /* RoundedBorderedModifier.swift */; };
		DEEC39852A0AC65900D36AB1 /* StatusView.swift in Sources */ = {isa = PBXBuildFile; fileRef = DEEC39842A0AC65900D36AB1 /* StatusView.swift */; };
		DEEC39892A0AC71E00D36AB1 /* RatePageViewModel.swift in Sources */ = {isa = PBXBuildFile; fileRef = DEEC39882A0AC71E00D36AB1 /* RatePageViewModel.swift */; };
		DEEC398B2A0AC72800D36AB1 /* RatePageView.swift in Sources */ = {isa = PBXBuildFile; fileRef = DEEC398A2A0AC72800D36AB1 /* RatePageView.swift */; };
/* End PBXBuildFile section */

/* Begin PBXContainerItemProxy section */
		DE7EA19D2A0D32DB0089E6AE /* PBXContainerItemProxy */ = {
			isa = PBXContainerItemProxy;
			containerPortal = DE4A55A52A0A3FB60071F7BC /* Project object */;
			proxyType = 1;
			remoteGlobalIDString = DE4A55AC2A0A3FB60071F7BC;
			remoteInfo = "Lokomond-Code-Challange";
		};
/* End PBXContainerItemProxy section */

/* Begin PBXFileReference section */
		DE0269E92A0C4FF40022A9EA /* PersistRatesServiceProtocol.swift */ = {isa = PBXFileReference; lastKnownFileType = sourcecode.swift; path = PersistRatesServiceProtocol.swift; sourceTree = "<group>"; };
		DE0269EB2A0C500D0022A9EA /* PersistenceController++PersistRatesServiceProtocol.swift */ = {isa = PBXFileReference; lastKnownFileType = sourcecode.swift; path = "PersistenceController++PersistRatesServiceProtocol.swift"; sourceTree = "<group>"; };
		DE3920822A0AC9960087BA6E /* HeadingTitleView.swift */ = {isa = PBXFileReference; lastKnownFileType = sourcecode.swift; path = HeadingTitleView.swift; sourceTree = "<group>"; };
		DE421C332A0BB38D000A89B6 /* LoadRatesUseCase.swift */ = {isa = PBXFileReference; lastKnownFileType = sourcecode.swift; path = LoadRatesUseCase.swift; sourceTree = "<group>"; };
		DE421C362A0BB56E000A89B6 /* FetchRatesServiceProtocol.swift */ = {isa = PBXFileReference; lastKnownFileType = sourcecode.swift; path = FetchRatesServiceProtocol.swift; sourceTree = "<group>"; };
		DE421C382A0BB5AF000A89B6 /* NetworkServices++FetchRatesServiceProtocol.swift */ = {isa = PBXFileReference; lastKnownFileType = sourcecode.swift; path = "NetworkServices++FetchRatesServiceProtocol.swift"; sourceTree = "<group>"; };
		DE421C3A2A0BBC28000A89B6 /* RateCDEntity+CoreDataClass.swift */ = {isa = PBXFileReference; lastKnownFileType = sourcecode.swift; path = "RateCDEntity+CoreDataClass.swift"; sourceTree = "<group>"; };
		DE421C3B2A0BBC28000A89B6 /* RateCDEntity+CoreDataProperties.swift */ = {isa = PBXFileReference; lastKnownFileType = sourcecode.swift; path = "RateCDEntity+CoreDataProperties.swift"; sourceTree = "<group>"; };
		DE421C412A0BBD7E000A89B6 /* FullRateInformationEntity.swift */ = {isa = PBXFileReference; lastKnownFileType = sourcecode.swift; path = FullRateInformationEntity.swift; sourceTree = "<group>"; };
		DE4A55AD2A0A3FB60071F7BC /* Lokomond-Code-Challange.app */ = {isa = PBXFileReference; explicitFileType = wrapper.application; includeInIndex = 0; path = "Lokomond-Code-Challange.app"; sourceTree = BUILT_PRODUCTS_DIR; };
		DE4A55B02A0A3FB60071F7BC /* Lokomond_Code_ChallangeApp.swift */ = {isa = PBXFileReference; lastKnownFileType = sourcecode.swift; path = Lokomond_Code_ChallangeApp.swift; sourceTree = "<group>"; };
		DE4A55B42A0A3FB70071F7BC /* Assets.xcassets */ = {isa = PBXFileReference; lastKnownFileType = folder.assetcatalog; path = Assets.xcassets; sourceTree = "<group>"; };
		DE4A55B62A0A3FB70071F7BC /* Lokomond_Code_Challange.entitlements */ = {isa = PBXFileReference; lastKnownFileType = text.plist.entitlements; path = Lokomond_Code_Challange.entitlements; sourceTree = "<group>"; };
		DE4A55B82A0A3FB70071F7BC /* Preview Assets.xcassets */ = {isa = PBXFileReference; lastKnownFileType = folder.assetcatalog; path = "Preview Assets.xcassets"; sourceTree = "<group>"; };
		DE4A55C12A0A41B40071F7BC /* Fonts.swift */ = {isa = PBXFileReference; lastKnownFileType = sourcecode.swift; path = Fonts.swift; sourceTree = "<group>"; };
		DE4A55C42A0A42EB0071F7BC /* Images.swift */ = {isa = PBXFileReference; lastKnownFileType = sourcecode.swift; path = Images.swift; sourceTree = "<group>"; };
		DE4A55C92A0A442D0071F7BC /* Satoshi-Bold.otf */ = {isa = PBXFileReference; lastKnownFileType = file; path = "Satoshi-Bold.otf"; sourceTree = "<group>"; };
		DE4A55CC2A0A442D0071F7BC /* Satoshi-Medium.otf */ = {isa = PBXFileReference; lastKnownFileType = file; path = "Satoshi-Medium.otf"; sourceTree = "<group>"; };
		DE4A55CD2A0A442D0071F7BC /* Satoshi-Regular.otf */ = {isa = PBXFileReference; lastKnownFileType = file; path = "Satoshi-Regular.otf"; sourceTree = "<group>"; };
		DE4A55E32A0A4C8A0071F7BC /* StatusCode.swift */ = {isa = PBXFileReference; fileEncoding = 4; lastKnownFileType = sourcecode.swift; path = StatusCode.swift; sourceTree = "<group>"; };
		DE4A55E42A0A4C8A0071F7BC /* GateWays.swift */ = {isa = PBXFileReference; fileEncoding = 4; lastKnownFileType = sourcecode.swift; path = GateWays.swift; sourceTree = "<group>"; };
		DE4A55E52A0A4C8A0071F7BC /* URLSession++APITask.swift */ = {isa = PBXFileReference; fileEncoding = 4; lastKnownFileType = sourcecode.swift; path = "URLSession++APITask.swift"; sourceTree = "<group>"; };
		DE4A55E62A0A4C8A0071F7BC /* HTTPMethod.swift */ = {isa = PBXFileReference; fileEncoding = 4; lastKnownFileType = sourcecode.swift; path = HTTPMethod.swift; sourceTree = "<group>"; };
		DE4A55E72A0A4C8A0071F7BC /* API.swift */ = {isa = PBXFileReference; fileEncoding = 4; lastKnownFileType = sourcecode.swift; path = API.swift; sourceTree = "<group>"; };
		DE4A55E82A0A4C8A0071F7BC /* NetworkError.swift */ = {isa = PBXFileReference; fileEncoding = 4; lastKnownFileType = sourcecode.swift; path = NetworkError.swift; sourceTree = "<group>"; };
		DE4A55E92A0A4C8A0071F7BC /* NetworkServices.swift */ = {isa = PBXFileReference; fileEncoding = 4; lastKnownFileType = sourcecode.swift; path = NetworkServices.swift; sourceTree = "<group>"; };
		DE4A55F72A0A4D440071F7BC /* PageLoadState.swift */ = {isa = PBXFileReference; fileEncoding = 4; lastKnownFileType = sourcecode.swift; path = PageLoadState.swift; sourceTree = "<group>"; };
		DE4A55F82A0A4D440071F7BC /* ErrorView.swift */ = {isa = PBXFileReference; fileEncoding = 4; lastKnownFileType = sourcecode.swift; path = ErrorView.swift; sourceTree = "<group>"; };
		DE4A55F92A0A4D440071F7BC /* AppProgressView.swift */ = {isa = PBXFileReference; fileEncoding = 4; lastKnownFileType = sourcecode.swift; path = AppProgressView.swift; sourceTree = "<group>"; };
		DE4A56252A0A59130071F7BC /* RateEntity.swift */ = {isa = PBXFileReference; lastKnownFileType = sourcecode.swift; path = RateEntity.swift; sourceTree = "<group>"; };
		DE4A56292A0A5A8F0071F7BC /* Persistence.swift */ = {isa = PBXFileReference; fileEncoding = 4; lastKnownFileType = sourcecode.swift; path = Persistence.swift; sourceTree = "<group>"; };
		DE4A565A2A0A5F8B0071F7BC /* FetchResultController.swift */ = {isa = PBXFileReference; lastKnownFileType = sourcecode.swift; path = FetchResultController.swift; sourceTree = "<group>"; };
		DE4A565D2A0A5FC70071F7BC /* lokomond.xcdatamodel */ = {isa = PBXFileReference; lastKnownFileType = wrapper.xcdatamodel; path = lokomond.xcdatamodel; sourceTree = "<group>"; };
		DE63C9582A0D04A0003A18CD /* PersistenceController++FetchRatesServiceProtocol.swift */ = {isa = PBXFileReference; lastKnownFileType = sourcecode.swift; path = "PersistenceController++FetchRatesServiceProtocol.swift"; sourceTree = "<group>"; };
		DE63C95A2A0D0706003A18CD /* ObserveRatesUseCase.swift */ = {isa = PBXFileReference; lastKnownFileType = sourcecode.swift; path = ObserveRatesUseCase.swift; sourceTree = "<group>"; };
		DE63C95C2A0D082D003A18CD /* ObserveRatesServiceProtocol.swift */ = {isa = PBXFileReference; lastKnownFileType = sourcecode.swift; path = ObserveRatesServiceProtocol.swift; sourceTree = "<group>"; };
		DE63C95E2A0D08AA003A18CD /* FetchResultController++ObserveRatesServiceProtocol.swift */ = {isa = PBXFileReference; lastKnownFileType = sourcecode.swift; path = "FetchResultController++ObserveRatesServiceProtocol.swift"; sourceTree = "<group>"; };
		DE7EA1992A0D32DB0089E6AE /* Lokomond-Code-ChallangeTests.xctest */ = {isa = PBXFileReference; explicitFileType = wrapper.cfbundle; includeInIndex = 0; path = "Lokomond-Code-ChallangeTests.xctest"; sourceTree = BUILT_PRODUCTS_DIR; };
		DE7EA19B2A0D32DB0089E6AE /* Lokomond_Code_ChallangeTests.swift */ = {isa = PBXFileReference; lastKnownFileType = sourcecode.swift; path = Lokomond_Code_ChallangeTests.swift; sourceTree = "<group>"; };
		DE7EA1A32A0D33120089E6AE /* ObserveRatesServiceProtocolStubs.swift */ = {isa = PBXFileReference; lastKnownFileType = sourcecode.swift; path = ObserveRatesServiceProtocolStubs.swift; sourceTree = "<group>"; };
		DE7EA1A52A0D34310089E6AE /* FetchRatesServiceProtocolStub.swift */ = {isa = PBXFileReference; lastKnownFileType = sourcecode.swift; path = FetchRatesServiceProtocolStub.swift; sourceTree = "<group>"; };
		DE7EA1A72A0D34790089E6AE /* PersistRatesServiceProtocolStub.swift */ = {isa = PBXFileReference; lastKnownFileType = sourcecode.swift; path = PersistRatesServiceProtocolStub.swift; sourceTree = "<group>"; };
		DE7EA1AB2A0D34F60089E6AE /* MockActions.swift */ = {isa = PBXFileReference; lastKnownFileType = sourcecode.swift; path = MockActions.swift; sourceTree = "<group>"; };
		DE7EA1AD2A0D35060089E6AE /* Mock.swift */ = {isa = PBXFileReference; lastKnownFileType = sourcecode.swift; path = Mock.swift; sourceTree = "<group>"; };
		DE7EA1B02A0D361E0089E6AE /* ObserveRatesUseCaseTests.swift */ = {isa = PBXFileReference; lastKnownFileType = sourcecode.swift; path = ObserveRatesUseCaseTests.swift; sourceTree = "<group>"; };
		DE7EA1B32A0D37D20089E6AE /* FullRateInformationEntityJSON.json */ = {isa = PBXFileReference; fileEncoding = 4; lastKnownFileType = text.json; path = FullRateInformationEntityJSON.json; sourceTree = "<group>"; };
		DE7EA1B52A0D38200089E6AE /* JSONLoader.swift */ = {isa = PBXFileReference; lastKnownFileType = sourcecode.swift; path = JSONLoader.swift; sourceTree = "<group>"; };
		DE7EA1BF2A0D3F340089E6AE /* LoadRatesUseCaseTests.swift */ = {isa = PBXFileReference; lastKnownFileType = sourcecode.swift; path = LoadRatesUseCaseTests.swift; sourceTree = "<group>"; };
		DE7EA1C12A0D401C0089E6AE /* RateEntityJSON.json */ = {isa = PBXFileReference; fileEncoding = 4; lastKnownFileType = text.json; path = RateEntityJSON.json; sourceTree = "<group>"; };
		DE7EA1C32A0D43900089E6AE /* Waiter.swift */ = {isa = PBXFileReference; lastKnownFileType = sourcecode.swift; path = Waiter.swift; sourceTree = "<group>"; };
		DEEC397A2A0ABF0A00D36AB1 /* CurrencyRowView.swift */ = {isa = PBXFileReference; lastKnownFileType = sourcecode.swift; path = CurrencyRowView.swift; sourceTree = "<group>"; };
		DEEC397C2A0ABF4900D36AB1 /* ColorAssets.xcassets */ = {isa = PBXFileReference; lastKnownFileType = folder.assetcatalog; path = ColorAssets.xcassets; sourceTree = "<group>"; };
		DEEC397E2A0AC01600D36AB1 /* Colors.swift */ = {isa = PBXFileReference; lastKnownFileType = sourcecode.swift; path = Colors.swift; sourceTree = "<group>"; };
		DEEC39802A0AC3D900D36AB1 /* RoundedRectangleModifier.swift */ = {isa = PBXFileReference; lastKnownFileType = sourcecode.swift; path = RoundedRectangleModifier.swift; sourceTree = "<group>"; };
		DEEC39822A0AC42400D36AB1 /* RoundedBorderedModifier.swift */ = {isa = PBXFileReference; lastKnownFileType = sourcecode.swift; path = RoundedBorderedModifier.swift; sourceTree = "<group>"; };
		DEEC39842A0AC65900D36AB1 /* StatusView.swift */ = {isa = PBXFileReference; lastKnownFileType = sourcecode.swift; path = StatusView.swift; sourceTree = "<group>"; };
		DEEC39882A0AC71E00D36AB1 /* RatePageViewModel.swift */ = {isa = PBXFileReference; lastKnownFileType = sourcecode.swift; path = RatePageViewModel.swift; sourceTree = "<group>"; };
		DEEC398A2A0AC72800D36AB1 /* RatePageView.swift */ = {isa = PBXFileReference; lastKnownFileType = sourcecode.swift; path = RatePageView.swift; sourceTree = "<group>"; };
/* End PBXFileReference section */

/* Begin PBXFrameworksBuildPhase section */
		DE4A55AA2A0A3FB60071F7BC /* Frameworks */ = {
			isa = PBXFrameworksBuildPhase;
			buildActionMask = 2147483647;
			files = (
				DE4A55FF2A0A4D930071F7BC /* Dependencies in Frameworks */,
			);
			runOnlyForDeploymentPostprocessing = 0;
		};
		DE7EA1962A0D32DB0089E6AE /* Frameworks */ = {
			isa = PBXFrameworksBuildPhase;
			buildActionMask = 2147483647;
			files = (
				DE7EA1BC2A0D3CAF0089E6AE /* CombineExpectations in Frameworks */,
			);
			runOnlyForDeploymentPostprocessing = 0;
		};
/* End PBXFrameworksBuildPhase section */

/* Begin PBXGroup section */
		DE421C322A0BB381000A89B6 /* UseCases */ = {
			isa = PBXGroup;
			children = (
				DE421C352A0BB53B000A89B6 /* Services */,
				DE421C332A0BB38D000A89B6 /* LoadRatesUseCase.swift */,
				DE63C95A2A0D0706003A18CD /* ObserveRatesUseCase.swift */,
			);
			path = UseCases;
			sourceTree = "<group>";
		};
		DE421C352A0BB53B000A89B6 /* Services */ = {
			isa = PBXGroup;
			children = (
				DE421C362A0BB56E000A89B6 /* FetchRatesServiceProtocol.swift */,
				DE0269E92A0C4FF40022A9EA /* PersistRatesServiceProtocol.swift */,
				DE63C95C2A0D082D003A18CD /* ObserveRatesServiceProtocol.swift */,
			);
			path = Services;
			sourceTree = "<group>";
		};
		DE4A55A42A0A3FB60071F7BC = {
			isa = PBXGroup;
			children = (
				DE4A55AF2A0A3FB60071F7BC /* Lokomond-Code-Challange */,
				DE7EA19A2A0D32DB0089E6AE /* Lokomond-Code-ChallangeTests */,
				DE4A55AE2A0A3FB60071F7BC /* Products */,
			);
			sourceTree = "<group>";
		};
		DE4A55AE2A0A3FB60071F7BC /* Products */ = {
			isa = PBXGroup;
			children = (
				DE4A55AD2A0A3FB60071F7BC /* Lokomond-Code-Challange.app */,
				DE7EA1992A0D32DB0089E6AE /* Lokomond-Code-ChallangeTests.xctest */,
			);
			name = Products;
			sourceTree = "<group>";
		};
		DE4A55AF2A0A3FB60071F7BC /* Lokomond-Code-Challange */ = {
			isa = PBXGroup;
			children = (
				DE421C322A0BB381000A89B6 /* UseCases */,
				DE4A56242A0A59040071F7BC /* Entities */,
				DE4A55F52A0A4D270071F7BC /* Presentation */,
				DE4A55DF2A0A4C710071F7BC /* DataLayer */,
				DE4A55B02A0A3FB60071F7BC /* Lokomond_Code_ChallangeApp.swift */,
				DE4A55B62A0A3FB70071F7BC /* Lokomond_Code_Challange.entitlements */,
				DE4A55B72A0A3FB70071F7BC /* Preview Content */,
			);
			path = "Lokomond-Code-Challange";
			sourceTree = "<group>";
		};
		DE4A55B72A0A3FB70071F7BC /* Preview Content */ = {
			isa = PBXGroup;
			children = (
				DE4A55B82A0A3FB70071F7BC /* Preview Assets.xcassets */,
			);
			path = "Preview Content";
			sourceTree = "<group>";
		};
		DE4A55BF2A0A419A0071F7BC /* DesignSystem */ = {
			isa = PBXGroup;
			children = (
				DE4A56032A0A4F6C0071F7BC /* Components */,
				DE4A55C32A0A42D00071F7BC /* Images */,
				DE4A55C02A0A41AB0071F7BC /* Fonts */,
				DE4A55B42A0A3FB70071F7BC /* Assets.xcassets */,
				DEEC397C2A0ABF4900D36AB1 /* ColorAssets.xcassets */,
				DEEC397E2A0AC01600D36AB1 /* Colors.swift */,
			);
			path = DesignSystem;
			sourceTree = "<group>";
		};
		DE4A55C02A0A41AB0071F7BC /* Fonts */ = {
			isa = PBXGroup;
			children = (
				DE4A55C62A0A44210071F7BC /* OTF */,
				DE4A55C12A0A41B40071F7BC /* Fonts.swift */,
			);
			path = Fonts;
			sourceTree = "<group>";
		};
		DE4A55C32A0A42D00071F7BC /* Images */ = {
			isa = PBXGroup;
			children = (
				DE4A55C42A0A42EB0071F7BC /* Images.swift */,
			);
			path = Images;
			sourceTree = "<group>";
		};
		DE4A55C62A0A44210071F7BC /* OTF */ = {
			isa = PBXGroup;
			children = (
				DE4A55C92A0A442D0071F7BC /* Satoshi-Bold.otf */,
				DE4A55CC2A0A442D0071F7BC /* Satoshi-Medium.otf */,
				DE4A55CD2A0A442D0071F7BC /* Satoshi-Regular.otf */,
			);
			path = OTF;
			sourceTree = "<group>";
		};
		DE4A55DF2A0A4C710071F7BC /* DataLayer */ = {
			isa = PBXGroup;
			children = (
				DE4A55E02A0A4C7B0071F7BC /* DataSources */,
			);
			path = DataLayer;
			sourceTree = "<group>";
		};
		DE4A55E02A0A4C7B0071F7BC /* DataSources */ = {
			isa = PBXGroup;
			children = (
				DE4A56272A0A5A8F0071F7BC /* Persistence */,
				DE4A55E12A0A4C8A0071F7BC /* Network */,
			);
			path = DataSources;
			sourceTree = "<group>";
		};
		DE4A55E12A0A4C8A0071F7BC /* Network */ = {
			isa = PBXGroup;
			children = (
				DE4A55E22A0A4C8A0071F7BC /* Utils */,
				DE4A55E92A0A4C8A0071F7BC /* NetworkServices.swift */,
				DE421C382A0BB5AF000A89B6 /* NetworkServices++FetchRatesServiceProtocol.swift */,
			);
			path = Network;
			sourceTree = "<group>";
		};
		DE4A55E22A0A4C8A0071F7BC /* Utils */ = {
			isa = PBXGroup;
			children = (
				DE4A55E32A0A4C8A0071F7BC /* StatusCode.swift */,
				DE4A55E42A0A4C8A0071F7BC /* GateWays.swift */,
				DE4A55E52A0A4C8A0071F7BC /* URLSession++APITask.swift */,
				DE4A55E62A0A4C8A0071F7BC /* HTTPMethod.swift */,
				DE4A55E72A0A4C8A0071F7BC /* API.swift */,
				DE4A55E82A0A4C8A0071F7BC /* NetworkError.swift */,
			);
			path = Utils;
			sourceTree = "<group>";
		};
		DE4A55F52A0A4D270071F7BC /* Presentation */ = {
			isa = PBXGroup;
			children = (
				DEEC39862A0AC70C00D36AB1 /* Pages */,
				DE4A55BF2A0A419A0071F7BC /* DesignSystem */,
			);
			path = Presentation;
			sourceTree = "<group>";
		};
		DE4A55F62A0A4D340071F7BC /* Subviews */ = {
			isa = PBXGroup;
			children = (
				DE4A55F92A0A4D440071F7BC /* AppProgressView.swift */,
				DE4A55F82A0A4D440071F7BC /* ErrorView.swift */,
				DE4A55F72A0A4D440071F7BC /* PageLoadState.swift */,
				DEEC397A2A0ABF0A00D36AB1 /* CurrencyRowView.swift */,
				DEEC39842A0AC65900D36AB1 /* StatusView.swift */,
				DE3920822A0AC9960087BA6E /* HeadingTitleView.swift */,
			);
			path = Subviews;
			sourceTree = "<group>";
		};
		DE4A56002A0A4E2D0071F7BC /* Modifiers */ = {
			isa = PBXGroup;
			children = (
				DEEC39802A0AC3D900D36AB1 /* RoundedRectangleModifier.swift */,
				DEEC39822A0AC42400D36AB1 /* RoundedBorderedModifier.swift */,
			);
			path = Modifiers;
			sourceTree = "<group>";
		};
		DE4A56032A0A4F6C0071F7BC /* Components */ = {
			isa = PBXGroup;
			children = (
				DE4A56002A0A4E2D0071F7BC /* Modifiers */,
				DE4A55F62A0A4D340071F7BC /* Subviews */,
			);
			path = Components;
			sourceTree = "<group>";
		};
		DE4A56242A0A59040071F7BC /* Entities */ = {
			isa = PBXGroup;
			children = (
				DE4A56252A0A59130071F7BC /* RateEntity.swift */,
				DE421C412A0BBD7E000A89B6 /* FullRateInformationEntity.swift */,
			);
			path = Entities;
			sourceTree = "<group>";
		};
		DE4A56272A0A5A8F0071F7BC /* Persistence */ = {
			isa = PBXGroup;
			children = (
				DE4A565F2A0A602A0071F7BC /* CDEntities */,
				DE4A56292A0A5A8F0071F7BC /* Persistence.swift */,
				DE4A565A2A0A5F8B0071F7BC /* FetchResultController.swift */,
				DE0269EB2A0C500D0022A9EA /* PersistenceController++PersistRatesServiceProtocol.swift */,
				DE63C9582A0D04A0003A18CD /* PersistenceController++FetchRatesServiceProtocol.swift */,
				DE63C95E2A0D08AA003A18CD /* FetchResultController++ObserveRatesServiceProtocol.swift */,
			);
			path = Persistence;
			sourceTree = "<group>";
		};
		DE4A565F2A0A602A0071F7BC /* CDEntities */ = {
			isa = PBXGroup;
			children = (
				DE421C3A2A0BBC28000A89B6 /* RateCDEntity+CoreDataClass.swift */,
				DE421C3B2A0BBC28000A89B6 /* RateCDEntity+CoreDataProperties.swift */,
				DE4A565C2A0A5FC70071F7BC /* lokomond.xcdatamodeld */,
			);
			path = CDEntities;
			sourceTree = "<group>";
		};
		DE7EA19A2A0D32DB0089E6AE /* Lokomond-Code-ChallangeTests */ = {
			isa = PBXGroup;
			children = (
				DE7EA1B22A0D374F0089E6AE /* JSONs */,
				DE7EA1AF2A0D360A0089E6AE /* UseCasesTests */,
				DE7EA1A92A0D34E20089E6AE /* Utils */,
				DE7EA1A22A0D32F30089E6AE /* Stubs */,
				DE7EA19B2A0D32DB0089E6AE /* Lokomond_Code_ChallangeTests.swift */,
			);
			path = "Lokomond-Code-ChallangeTests";
			sourceTree = "<group>";
		};
		DE7EA1A22A0D32F30089E6AE /* Stubs */ = {
			isa = PBXGroup;
			children = (
				DE7EA1A32A0D33120089E6AE /* ObserveRatesServiceProtocolStubs.swift */,
				DE7EA1A52A0D34310089E6AE /* FetchRatesServiceProtocolStub.swift */,
				DE7EA1A72A0D34790089E6AE /* PersistRatesServiceProtocolStub.swift */,
			);
			path = Stubs;
			sourceTree = "<group>";
		};
		DE7EA1A92A0D34E20089E6AE /* Utils */ = {
			isa = PBXGroup;
			children = (
				DE7EA1AA2A0D34ED0089E6AE /* MockTool */,
				DE7EA1C32A0D43900089E6AE /* Waiter.swift */,
			);
			path = Utils;
			sourceTree = "<group>";
		};
		DE7EA1AA2A0D34ED0089E6AE /* MockTool */ = {
			isa = PBXGroup;
			children = (
				DE7EA1AB2A0D34F60089E6AE /* MockActions.swift */,
				DE7EA1AD2A0D35060089E6AE /* Mock.swift */,
			);
			path = MockTool;
			sourceTree = "<group>";
		};
		DE7EA1AF2A0D360A0089E6AE /* UseCasesTests */ = {
			isa = PBXGroup;
			children = (
				DE7EA1B02A0D361E0089E6AE /* ObserveRatesUseCaseTests.swift */,
				DE7EA1BF2A0D3F340089E6AE /* LoadRatesUseCaseTests.swift */,
			);
			path = UseCasesTests;
			sourceTree = "<group>";
		};
		DE7EA1B22A0D374F0089E6AE /* JSONs */ = {
			isa = PBXGroup;
			children = (
				DE7EA1C12A0D401C0089E6AE /* RateEntityJSON.json */,
				DE7EA1B32A0D37D20089E6AE /* FullRateInformationEntityJSON.json */,
				DE7EA1B52A0D38200089E6AE /* JSONLoader.swift */,
			);
			path = JSONs;
			sourceTree = "<group>";
		};
		DEEC39862A0AC70C00D36AB1 /* Pages */ = {
			isa = PBXGroup;
			children = (
				DEEC39872A0AC71200D36AB1 /* RatePage */,
			);
			path = Pages;
			sourceTree = "<group>";
		};
		DEEC39872A0AC71200D36AB1 /* RatePage */ = {
			isa = PBXGroup;
			children = (
				DEEC39882A0AC71E00D36AB1 /* RatePageViewModel.swift */,
				DEEC398A2A0AC72800D36AB1 /* RatePageView.swift */,
			);
			path = RatePage;
			sourceTree = "<group>";
		};
/* End PBXGroup section */

/* Begin PBXNativeTarget section */
		DE4A55AC2A0A3FB60071F7BC /* Lokomond-Code-Challange */ = {
			isa = PBXNativeTarget;
			buildConfigurationList = DE4A55BC2A0A3FB70071F7BC /* Build configuration list for PBXNativeTarget "Lokomond-Code-Challange" */;
			buildPhases = (
				DE4A55A92A0A3FB60071F7BC /* Sources */,
				DE4A55AA2A0A3FB60071F7BC /* Frameworks */,
				DE4A55AB2A0A3FB60071F7BC /* Resources */,
			);
			buildRules = (
			);
			dependencies = (
			);
			name = "Lokomond-Code-Challange";
			packageProductDependencies = (
				DE4A55FE2A0A4D930071F7BC /* Dependencies */,
			);
			productName = "Lokomond-Code-Challange";
			productReference = DE4A55AD2A0A3FB60071F7BC /* Lokomond-Code-Challange.app */;
			productType = "com.apple.product-type.application";
		};
		DE7EA1982A0D32DB0089E6AE /* Lokomond-Code-ChallangeTests */ = {
			isa = PBXNativeTarget;
			buildConfigurationList = DE7EA1A12A0D32DB0089E6AE /* Build configuration list for PBXNativeTarget "Lokomond-Code-ChallangeTests" */;
			buildPhases = (
				DE7EA1952A0D32DB0089E6AE /* Sources */,
				DE7EA1962A0D32DB0089E6AE /* Frameworks */,
				DE7EA1972A0D32DB0089E6AE /* Resources */,
			);
			buildRules = (
			);
			dependencies = (
				DE7EA19E2A0D32DB0089E6AE /* PBXTargetDependency */,
			);
			name = "Lokomond-Code-ChallangeTests";
			packageProductDependencies = (
				DE7EA1BB2A0D3CAF0089E6AE /* CombineExpectations */,
			);
			productName = "Lokomond-Code-ChallangeTests";
			productReference = DE7EA1992A0D32DB0089E6AE /* Lokomond-Code-ChallangeTests.xctest */;
			productType = "com.apple.product-type.bundle.unit-test";
		};
/* End PBXNativeTarget section */

/* Begin PBXProject section */
		DE4A55A52A0A3FB60071F7BC /* Project object */ = {
			isa = PBXProject;
			attributes = {
				BuildIndependentTargetsInParallel = 1;
				LastSwiftUpdateCheck = 1430;
				LastUpgradeCheck = 1430;
				TargetAttributes = {
					DE4A55AC2A0A3FB60071F7BC = {
						CreatedOnToolsVersion = 14.3;
					};
					DE7EA1982A0D32DB0089E6AE = {
						CreatedOnToolsVersion = 14.3;
						TestTargetID = DE4A55AC2A0A3FB60071F7BC;
					};
				};
			};
			buildConfigurationList = DE4A55A82A0A3FB60071F7BC /* Build configuration list for PBXProject "Lokomond-Code-Challange" */;
			compatibilityVersion = "Xcode 14.0";
			developmentRegion = en;
			hasScannedForEncodings = 0;
			knownRegions = (
				en,
				Base,
			);
			mainGroup = DE4A55A42A0A3FB60071F7BC;
			packageReferences = (
				DE4A55FD2A0A4D930071F7BC /* XCRemoteSwiftPackageReference "swift-dependencies" */,
				DE7EA1BA2A0D3CAF0089E6AE /* XCRemoteSwiftPackageReference "CombineExpectations" */,
			);
			productRefGroup = DE4A55AE2A0A3FB60071F7BC /* Products */;
			projectDirPath = "";
			projectRoot = "";
			targets = (
				DE4A55AC2A0A3FB60071F7BC /* Lokomond-Code-Challange */,
				DE7EA1982A0D32DB0089E6AE /* Lokomond-Code-ChallangeTests */,
			);
		};
/* End PBXProject section */

/* Begin PBXResourcesBuildPhase section */
		DE4A55AB2A0A3FB60071F7BC /* Resources */ = {
			isa = PBXResourcesBuildPhase;
			buildActionMask = 2147483647;
			files = (
				DE4A55B92A0A3FB70071F7BC /* Preview Assets.xcassets in Resources */,
				DE4A55D62A0A442E0071F7BC /* Satoshi-Medium.otf in Resources */,
				DE4A55D32A0A442E0071F7BC /* Satoshi-Bold.otf in Resources */,
				DE4A55B52A0A3FB70071F7BC /* Assets.xcassets in Resources */,
				DEEC397D2A0ABF4900D36AB1 /* ColorAssets.xcassets in Resources */,
				DE4A55D72A0A442E0071F7BC /* Satoshi-Regular.otf in Resources */,
			);
			runOnlyForDeploymentPostprocessing = 0;
		};
		DE7EA1972A0D32DB0089E6AE /* Resources */ = {
			isa = PBXResourcesBuildPhase;
			buildActionMask = 2147483647;
			files = (
				DE7EA1C22A0D401C0089E6AE /* RateEntityJSON.json in Resources */,
				DE7EA1B42A0D37D20089E6AE /* FullRateInformationEntityJSON.json in Resources */,
			);
			runOnlyForDeploymentPostprocessing = 0;
		};
/* End PBXResourcesBuildPhase section */

/* Begin PBXSourcesBuildPhase section */
		DE4A55A92A0A3FB60071F7BC /* Sources */ = {
			isa = PBXSourcesBuildPhase;
			buildActionMask = 2147483647;
			files = (
				DEEC398B2A0AC72800D36AB1 /* RatePageView.swift in Sources */,
				DE63C95F2A0D08AA003A18CD /* FetchResultController++ObserveRatesServiceProtocol.swift in Sources */,
				DE4A565B2A0A5F8B0071F7BC /* FetchResultController.swift in Sources */,
				DE4A55FA2A0A4D440071F7BC /* PageLoadState.swift in Sources */,
				DE0269EC2A0C500D0022A9EA /* PersistenceController++PersistRatesServiceProtocol.swift in Sources */,
				DE4A55F22A0A4C8A0071F7BC /* NetworkServices.swift in Sources */,
				DE421C372A0BB56E000A89B6 /* FetchRatesServiceProtocol.swift in Sources */,
				DE4A55EC2A0A4C8A0071F7BC /* StatusCode.swift in Sources */,
				DE421C422A0BBD7E000A89B6 /* FullRateInformationEntity.swift in Sources */,
				DE4A56262A0A59130071F7BC /* RateEntity.swift in Sources */,
				DE4A55FC2A0A4D440071F7BC /* AppProgressView.swift in Sources */,
				DE4A55ED2A0A4C8A0071F7BC /* GateWays.swift in Sources */,
				DE4A55C52A0A42EB0071F7BC /* Images.swift in Sources */,
				DEEC397B2A0ABF0A00D36AB1 /* CurrencyRowView.swift in Sources */,
				DE4A56422A0A5A8F0071F7BC /* Persistence.swift in Sources */,
				DE4A55EF2A0A4C8A0071F7BC /* HTTPMethod.swift in Sources */,
				DE421C392A0BB5AF000A89B6 /* NetworkServices++FetchRatesServiceProtocol.swift in Sources */,
				DE421C3D2A0BBC28000A89B6 /* RateCDEntity+CoreDataProperties.swift in Sources */,
				DEEC397F2A0AC01600D36AB1 /* Colors.swift in Sources */,
				DE63C9592A0D04A0003A18CD /* PersistenceController++FetchRatesServiceProtocol.swift in Sources */,
				DEEC39812A0AC3D900D36AB1 /* RoundedRectangleModifier.swift in Sources */,
				DE63C95D2A0D082D003A18CD /* ObserveRatesServiceProtocol.swift in Sources */,
				DEEC39832A0AC42400D36AB1 /* RoundedBorderedModifier.swift in Sources */,
				DE4A565E2A0A5FC70071F7BC /* lokomond.xcdatamodeld in Sources */,
				DE63C95B2A0D0706003A18CD /* ObserveRatesUseCase.swift in Sources */,
				DE0269EA2A0C4FF40022A9EA /* PersistRatesServiceProtocol.swift in Sources */,
				DEEC39892A0AC71E00D36AB1 /* RatePageViewModel.swift in Sources */,
				DE4A55C22A0A41B40071F7BC /* Fonts.swift in Sources */,
				DE4A55EE2A0A4C8A0071F7BC /* URLSession++APITask.swift in Sources */,
				DE4A55F02A0A4C8A0071F7BC /* API.swift in Sources */,
				DE4A55B12A0A3FB60071F7BC /* Lokomond_Code_ChallangeApp.swift in Sources */,
				DE4A55FB2A0A4D440071F7BC /* ErrorView.swift in Sources */,
				DE4A55F12A0A4C8A0071F7BC /* NetworkError.swift in Sources */,
				DE3920832A0AC9960087BA6E /* HeadingTitleView.swift in Sources */,
				DE421C342A0BB38D000A89B6 /* LoadRatesUseCase.swift in Sources */,
				DE421C3C2A0BBC28000A89B6 /* RateCDEntity+CoreDataClass.swift in Sources */,
				DEEC39852A0AC65900D36AB1 /* StatusView.swift in Sources */,
			);
			runOnlyForDeploymentPostprocessing = 0;
		};
		DE7EA1952A0D32DB0089E6AE /* Sources */ = {
			isa = PBXSourcesBuildPhase;
			buildActionMask = 2147483647;
			files = (
				DE7EA1A42A0D33120089E6AE /* ObserveRatesServiceProtocolStubs.swift in Sources */,
				DE7EA1C02A0D3F340089E6AE /* LoadRatesUseCaseTests.swift in Sources */,
				DE7EA19C2A0D32DB0089E6AE /* Lokomond_Code_ChallangeTests.swift in Sources */,
				DE7EA1AC2A0D34F60089E6AE /* MockActions.swift in Sources */,
				DE7EA1B12A0D361E0089E6AE /* ObserveRatesUseCaseTests.swift in Sources */,
				DE7EA1B62A0D38200089E6AE /* JSONLoader.swift in Sources */,
				DE7EA1A82A0D34790089E6AE /* PersistRatesServiceProtocolStub.swift in Sources */,
				DE7EA1C42A0D43900089E6AE /* Waiter.swift in Sources */,
				DE7EA1A62A0D34310089E6AE /* FetchRatesServiceProtocolStub.swift in Sources */,
				DE7EA1AE2A0D35060089E6AE /* Mock.swift in Sources */,
			);
			runOnlyForDeploymentPostprocessing = 0;
		};
/* End PBXSourcesBuildPhase section */

/* Begin PBXTargetDependency section */
		DE7EA19E2A0D32DB0089E6AE /* PBXTargetDependency */ = {
			isa = PBXTargetDependency;
			target = DE4A55AC2A0A3FB60071F7BC /* Lokomond-Code-Challange */;
			targetProxy = DE7EA19D2A0D32DB0089E6AE /* PBXContainerItemProxy */;
		};
/* End PBXTargetDependency section */

/* Begin XCBuildConfiguration section */
		DE4A55BA2A0A3FB70071F7BC /* Debug */ = {
			isa = XCBuildConfiguration;
			buildSettings = {
				ALWAYS_SEARCH_USER_PATHS = NO;
				CLANG_ANALYZER_NONNULL = YES;
				CLANG_ANALYZER_NUMBER_OBJECT_CONVERSION = YES_AGGRESSIVE;
				CLANG_CXX_LANGUAGE_STANDARD = "gnu++20";
				CLANG_ENABLE_MODULES = YES;
				CLANG_ENABLE_OBJC_ARC = YES;
				CLANG_ENABLE_OBJC_WEAK = YES;
				CLANG_WARN_BLOCK_CAPTURE_AUTORELEASING = YES;
				CLANG_WARN_BOOL_CONVERSION = YES;
				CLANG_WARN_COMMA = YES;
				CLANG_WARN_CONSTANT_CONVERSION = YES;
				CLANG_WARN_DEPRECATED_OBJC_IMPLEMENTATIONS = YES;
				CLANG_WARN_DIRECT_OBJC_ISA_USAGE = YES_ERROR;
				CLANG_WARN_DOCUMENTATION_COMMENTS = YES;
				CLANG_WARN_EMPTY_BODY = YES;
				CLANG_WARN_ENUM_CONVERSION = YES;
				CLANG_WARN_INFINITE_RECURSION = YES;
				CLANG_WARN_INT_CONVERSION = YES;
				CLANG_WARN_NON_LITERAL_NULL_CONVERSION = YES;
				CLANG_WARN_OBJC_IMPLICIT_RETAIN_SELF = YES;
				CLANG_WARN_OBJC_LITERAL_CONVERSION = YES;
				CLANG_WARN_OBJC_ROOT_CLASS = YES_ERROR;
				CLANG_WARN_QUOTED_INCLUDE_IN_FRAMEWORK_HEADER = YES;
				CLANG_WARN_RANGE_LOOP_ANALYSIS = YES;
				CLANG_WARN_STRICT_PROTOTYPES = YES;
				CLANG_WARN_SUSPICIOUS_MOVE = YES;
				CLANG_WARN_UNGUARDED_AVAILABILITY = YES_AGGRESSIVE;
				CLANG_WARN_UNREACHABLE_CODE = YES;
				CLANG_WARN__DUPLICATE_METHOD_MATCH = YES;
				COPY_PHASE_STRIP = NO;
				DEBUG_INFORMATION_FORMAT = dwarf;
				ENABLE_STRICT_OBJC_MSGSEND = YES;
				ENABLE_TESTABILITY = YES;
				GCC_C_LANGUAGE_STANDARD = gnu11;
				GCC_DYNAMIC_NO_PIC = NO;
				GCC_NO_COMMON_BLOCKS = YES;
				GCC_OPTIMIZATION_LEVEL = 0;
				GCC_PREPROCESSOR_DEFINITIONS = (
					"DEBUG=1",
					"$(inherited)",
				);
				GCC_WARN_64_TO_32_BIT_CONVERSION = YES;
				GCC_WARN_ABOUT_RETURN_TYPE = YES_ERROR;
				GCC_WARN_UNDECLARED_SELECTOR = YES;
				GCC_WARN_UNINITIALIZED_AUTOS = YES_AGGRESSIVE;
				GCC_WARN_UNUSED_FUNCTION = YES;
				GCC_WARN_UNUSED_VARIABLE = YES;
				MTL_ENABLE_DEBUG_INFO = INCLUDE_SOURCE;
				MTL_FAST_MATH = YES;
				ONLY_ACTIVE_ARCH = YES;
				SWIFT_ACTIVE_COMPILATION_CONDITIONS = DEBUG;
				SWIFT_OPTIMIZATION_LEVEL = "-Onone";
			};
			name = Debug;
		};
		DE4A55BB2A0A3FB70071F7BC /* Release */ = {
			isa = XCBuildConfiguration;
			buildSettings = {
				ALWAYS_SEARCH_USER_PATHS = NO;
				CLANG_ANALYZER_NONNULL = YES;
				CLANG_ANALYZER_NUMBER_OBJECT_CONVERSION = YES_AGGRESSIVE;
				CLANG_CXX_LANGUAGE_STANDARD = "gnu++20";
				CLANG_ENABLE_MODULES = YES;
				CLANG_ENABLE_OBJC_ARC = YES;
				CLANG_ENABLE_OBJC_WEAK = YES;
				CLANG_WARN_BLOCK_CAPTURE_AUTORELEASING = YES;
				CLANG_WARN_BOOL_CONVERSION = YES;
				CLANG_WARN_COMMA = YES;
				CLANG_WARN_CONSTANT_CONVERSION = YES;
				CLANG_WARN_DEPRECATED_OBJC_IMPLEMENTATIONS = YES;
				CLANG_WARN_DIRECT_OBJC_ISA_USAGE = YES_ERROR;
				CLANG_WARN_DOCUMENTATION_COMMENTS = YES;
				CLANG_WARN_EMPTY_BODY = YES;
				CLANG_WARN_ENUM_CONVERSION = YES;
				CLANG_WARN_INFINITE_RECURSION = YES;
				CLANG_WARN_INT_CONVERSION = YES;
				CLANG_WARN_NON_LITERAL_NULL_CONVERSION = YES;
				CLANG_WARN_OBJC_IMPLICIT_RETAIN_SELF = YES;
				CLANG_WARN_OBJC_LITERAL_CONVERSION = YES;
				CLANG_WARN_OBJC_ROOT_CLASS = YES_ERROR;
				CLANG_WARN_QUOTED_INCLUDE_IN_FRAMEWORK_HEADER = YES;
				CLANG_WARN_RANGE_LOOP_ANALYSIS = YES;
				CLANG_WARN_STRICT_PROTOTYPES = YES;
				CLANG_WARN_SUSPICIOUS_MOVE = YES;
				CLANG_WARN_UNGUARDED_AVAILABILITY = YES_AGGRESSIVE;
				CLANG_WARN_UNREACHABLE_CODE = YES;
				CLANG_WARN__DUPLICATE_METHOD_MATCH = YES;
				COPY_PHASE_STRIP = NO;
				DEBUG_INFORMATION_FORMAT = "dwarf-with-dsym";
				ENABLE_NS_ASSERTIONS = NO;
				ENABLE_STRICT_OBJC_MSGSEND = YES;
				GCC_C_LANGUAGE_STANDARD = gnu11;
				GCC_NO_COMMON_BLOCKS = YES;
				GCC_WARN_64_TO_32_BIT_CONVERSION = YES;
				GCC_WARN_ABOUT_RETURN_TYPE = YES_ERROR;
				GCC_WARN_UNDECLARED_SELECTOR = YES;
				GCC_WARN_UNINITIALIZED_AUTOS = YES_AGGRESSIVE;
				GCC_WARN_UNUSED_FUNCTION = YES;
				GCC_WARN_UNUSED_VARIABLE = YES;
				MTL_ENABLE_DEBUG_INFO = NO;
				MTL_FAST_MATH = YES;
				SWIFT_COMPILATION_MODE = wholemodule;
				SWIFT_OPTIMIZATION_LEVEL = "-O";
			};
			name = Release;
		};
		DE4A55BD2A0A3FB70071F7BC /* Debug */ = {
			isa = XCBuildConfiguration;
			buildSettings = {
				ASSETCATALOG_COMPILER_APPICON_NAME = AppIcon;
				ASSETCATALOG_COMPILER_GLOBAL_ACCENT_COLOR_NAME = AccentColor;
				CODE_SIGN_ENTITLEMENTS = "Lokomond-Code-Challange/Lokomond_Code_Challange.entitlements";
				CODE_SIGN_STYLE = Automatic;
				CURRENT_PROJECT_VERSION = 1;
				DEVELOPMENT_ASSET_PATHS = "\"Lokomond-Code-Challange/Preview Content\"";
				DEVELOPMENT_TEAM = 88P363PJC9;
				ENABLE_HARDENED_RUNTIME = YES;
				ENABLE_PREVIEWS = YES;
				GENERATE_INFOPLIST_FILE = YES;
				"INFOPLIST_KEY_UIApplicationSceneManifest_Generation[sdk=iphoneos*]" = YES;
				"INFOPLIST_KEY_UIApplicationSceneManifest_Generation[sdk=iphonesimulator*]" = YES;
				"INFOPLIST_KEY_UIApplicationSupportsIndirectInputEvents[sdk=iphoneos*]" = YES;
				"INFOPLIST_KEY_UIApplicationSupportsIndirectInputEvents[sdk=iphonesimulator*]" = YES;
				"INFOPLIST_KEY_UILaunchScreen_Generation[sdk=iphoneos*]" = YES;
				"INFOPLIST_KEY_UILaunchScreen_Generation[sdk=iphonesimulator*]" = YES;
				"INFOPLIST_KEY_UIStatusBarStyle[sdk=iphoneos*]" = UIStatusBarStyleDefault;
				"INFOPLIST_KEY_UIStatusBarStyle[sdk=iphonesimulator*]" = UIStatusBarStyleDefault;
				INFOPLIST_KEY_UISupportedInterfaceOrientations_iPad = "UIInterfaceOrientationPortrait UIInterfaceOrientationPortraitUpsideDown UIInterfaceOrientationLandscapeLeft UIInterfaceOrientationLandscapeRight";
				INFOPLIST_KEY_UISupportedInterfaceOrientations_iPhone = "UIInterfaceOrientationPortrait UIInterfaceOrientationLandscapeLeft UIInterfaceOrientationLandscapeRight";
				IPHONEOS_DEPLOYMENT_TARGET = 16.4;
				LD_RUNPATH_SEARCH_PATHS = "@executable_path/Frameworks";
				"LD_RUNPATH_SEARCH_PATHS[sdk=macosx*]" = "@executable_path/../Frameworks";
				MACOSX_DEPLOYMENT_TARGET = 13.3;
				MARKETING_VERSION = 1.0;
				PRODUCT_BUNDLE_IDENTIFIER = "kiarash.vosough.com.Lokomond-Code-Challange";
				PRODUCT_NAME = "$(TARGET_NAME)";
				SDKROOT = auto;
				SUPPORTED_PLATFORMS = "iphoneos iphonesimulator macosx";
				SWIFT_EMIT_LOC_STRINGS = YES;
				SWIFT_VERSION = 5.0;
				TARGETED_DEVICE_FAMILY = "1,2";
			};
			name = Debug;
		};
		DE4A55BE2A0A3FB70071F7BC /* Release */ = {
			isa = XCBuildConfiguration;
			buildSettings = {
				ASSETCATALOG_COMPILER_APPICON_NAME = AppIcon;
				ASSETCATALOG_COMPILER_GLOBAL_ACCENT_COLOR_NAME = AccentColor;
				CODE_SIGN_ENTITLEMENTS = "Lokomond-Code-Challange/Lokomond_Code_Challange.entitlements";
				CODE_SIGN_STYLE = Automatic;
				CURRENT_PROJECT_VERSION = 1;
				DEVELOPMENT_ASSET_PATHS = "\"Lokomond-Code-Challange/Preview Content\"";
				DEVELOPMENT_TEAM = 88P363PJC9;
				ENABLE_HARDENED_RUNTIME = YES;
				ENABLE_PREVIEWS = YES;
				GENERATE_INFOPLIST_FILE = YES;
				"INFOPLIST_KEY_UIApplicationSceneManifest_Generation[sdk=iphoneos*]" = YES;
				"INFOPLIST_KEY_UIApplicationSceneManifest_Generation[sdk=iphonesimulator*]" = YES;
				"INFOPLIST_KEY_UIApplicationSupportsIndirectInputEvents[sdk=iphoneos*]" = YES;
				"INFOPLIST_KEY_UIApplicationSupportsIndirectInputEvents[sdk=iphonesimulator*]" = YES;
				"INFOPLIST_KEY_UILaunchScreen_Generation[sdk=iphoneos*]" = YES;
				"INFOPLIST_KEY_UILaunchScreen_Generation[sdk=iphonesimulator*]" = YES;
				"INFOPLIST_KEY_UIStatusBarStyle[sdk=iphoneos*]" = UIStatusBarStyleDefault;
				"INFOPLIST_KEY_UIStatusBarStyle[sdk=iphonesimulator*]" = UIStatusBarStyleDefault;
				INFOPLIST_KEY_UISupportedInterfaceOrientations_iPad = "UIInterfaceOrientationPortrait UIInterfaceOrientationPortraitUpsideDown UIInterfaceOrientationLandscapeLeft UIInterfaceOrientationLandscapeRight";
				INFOPLIST_KEY_UISupportedInterfaceOrientations_iPhone = "UIInterfaceOrientationPortrait UIInterfaceOrientationLandscapeLeft UIInterfaceOrientationLandscapeRight";
				IPHONEOS_DEPLOYMENT_TARGET = 16.4;
				LD_RUNPATH_SEARCH_PATHS = "@executable_path/Frameworks";
				"LD_RUNPATH_SEARCH_PATHS[sdk=macosx*]" = "@executable_path/../Frameworks";
				MACOSX_DEPLOYMENT_TARGET = 13.3;
				MARKETING_VERSION = 1.0;
				PRODUCT_BUNDLE_IDENTIFIER = "kiarash.vosough.com.Lokomond-Code-Challange";
				PRODUCT_NAME = "$(TARGET_NAME)";
				SDKROOT = auto;
				SUPPORTED_PLATFORMS = "iphoneos iphonesimulator macosx";
				SWIFT_EMIT_LOC_STRINGS = YES;
				SWIFT_VERSION = 5.0;
				TARGETED_DEVICE_FAMILY = "1,2";
			};
			name = Release;
		};
		DE7EA19F2A0D32DB0089E6AE /* Debug */ = {
			isa = XCBuildConfiguration;
			buildSettings = {
				BUNDLE_LOADER = "$(TEST_HOST)";
				CODE_SIGN_STYLE = Automatic;
				CURRENT_PROJECT_VERSION = 1;
				DEVELOPMENT_TEAM = 88P363PJC9;
				GENERATE_INFOPLIST_FILE = YES;
				IPHONEOS_DEPLOYMENT_TARGET = 16.4;
				MARKETING_VERSION = 1.0;
				PRODUCT_BUNDLE_IDENTIFIER = "kiarash.vosough.com.Lokomond-Code-ChallangeTests";
				PRODUCT_NAME = "$(TARGET_NAME)";
				SDKROOT = iphoneos;
				SWIFT_EMIT_LOC_STRINGS = NO;
				SWIFT_VERSION = 5.0;
				TARGETED_DEVICE_FAMILY = "1,2";
				TEST_HOST = "$(BUILT_PRODUCTS_DIR)/Lokomond-Code-Challange.app/$(BUNDLE_EXECUTABLE_FOLDER_PATH)/Lokomond-Code-Challange";
			};
			name = Debug;
		};
		DE7EA1A02A0D32DB0089E6AE /* Release */ = {
			isa = XCBuildConfiguration;
			buildSettings = {
				BUNDLE_LOADER = "$(TEST_HOST)";
				CODE_SIGN_STYLE = Automatic;
				CURRENT_PROJECT_VERSION = 1;
				DEVELOPMENT_TEAM = 88P363PJC9;
				GENERATE_INFOPLIST_FILE = YES;
				IPHONEOS_DEPLOYMENT_TARGET = 16.4;
				MARKETING_VERSION = 1.0;
				PRODUCT_BUNDLE_IDENTIFIER = "kiarash.vosough.com.Lokomond-Code-ChallangeTests";
				PRODUCT_NAME = "$(TARGET_NAME)";
				SDKROOT = iphoneos;
				SWIFT_EMIT_LOC_STRINGS = NO;
				SWIFT_VERSION = 5.0;
				TARGETED_DEVICE_FAMILY = "1,2";
				TEST_HOST = "$(BUILT_PRODUCTS_DIR)/Lokomond-Code-Challange.app/$(BUNDLE_EXECUTABLE_FOLDER_PATH)/Lokomond-Code-Challange";
				VALIDATE_PRODUCT = YES;
			};
			name = Release;
		};
/* End XCBuildConfiguration section */

/* Begin XCConfigurationList section */
		DE4A55A82A0A3FB60071F7BC /* Build configuration list for PBXProject "Lokomond-Code-Challange" */ = {
			isa = XCConfigurationList;
			buildConfigurations = (
				DE4A55BA2A0A3FB70071F7BC /* Debug */,
				DE4A55BB2A0A3FB70071F7BC /* Release */,
			);
			defaultConfigurationIsVisible = 0;
			defaultConfigurationName = Release;
		};
		DE4A55BC2A0A3FB70071F7BC /* Build configuration list for PBXNativeTarget "Lokomond-Code-Challange" */ = {
			isa = XCConfigurationList;
			buildConfigurations = (
				DE4A55BD2A0A3FB70071F7BC /* Debug */,
				DE4A55BE2A0A3FB70071F7BC /* Release */,
			);
			defaultConfigurationIsVisible = 0;
			defaultConfigurationName = Release;
		};
		DE7EA1A12A0D32DB0089E6AE /* Build configuration list for PBXNativeTarget "Lokomond-Code-ChallangeTests" */ = {
			isa = XCConfigurationList;
			buildConfigurations = (
				DE7EA19F2A0D32DB0089E6AE /* Debug */,
				DE7EA1A02A0D32DB0089E6AE /* Release */,
			);
			defaultConfigurationIsVisible = 0;
			defaultConfigurationName = Release;
		};
/* End XCConfigurationList section */

/* Begin XCRemoteSwiftPackageReference section */
		DE4A55FD2A0A4D930071F7BC /* XCRemoteSwiftPackageReference "swift-dependencies" */ = {
			isa = XCRemoteSwiftPackageReference;
			repositoryURL = "https://github.com/pointfreeco/swift-dependencies";
			requirement = {
				kind = upToNextMajorVersion;
				minimumVersion = 0.4.2;
			};
		};
		DE7EA1BA2A0D3CAF0089E6AE /* XCRemoteSwiftPackageReference "CombineExpectations" */ = {
			isa = XCRemoteSwiftPackageReference;
			repositoryURL = "https://github.com/groue/CombineExpectations.git";
			requirement = {
				kind = upToNextMajorVersion;
				minimumVersion = 0.10.0;
			};
		};
/* End XCRemoteSwiftPackageReference section */

/* Begin XCSwiftPackageProductDependency section */
		DE4A55FE2A0A4D930071F7BC /* Dependencies */ = {
			isa = XCSwiftPackageProductDependency;
			package = DE4A55FD2A0A4D930071F7BC /* XCRemoteSwiftPackageReference "swift-dependencies" */;
			productName = Dependencies;
		};
		DE7EA1BB2A0D3CAF0089E6AE /* CombineExpectations */ = {
			isa = XCSwiftPackageProductDependency;
			package = DE7EA1BA2A0D3CAF0089E6AE /* XCRemoteSwiftPackageReference "CombineExpectations" */;
			productName = CombineExpectations;
		};
/* End XCSwiftPackageProductDependency section */

/* Begin XCVersionGroup section */
		DE4A565C2A0A5FC70071F7BC /* lokomond.xcdatamodeld */ = {
			isa = XCVersionGroup;
			children = (
				DE4A565D2A0A5FC70071F7BC /* lokomond.xcdatamodel */,
			);
			currentVersion = DE4A565D2A0A5FC70071F7BC /* lokomond.xcdatamodel */;
			path = lokomond.xcdatamodeld;
			sourceTree = "<group>";
			versionGroupType = wrapper.xcdatamodel;
		};
/* End XCVersionGroup section */
	};
	rootObject = DE4A55A52A0A3FB60071F7BC /* Project object */;
}
